
Microsoft Visual Studio Solution File, Format Version 12.00
# Visual Studio Version 16
VisualStudioVersion = 16.0.31702.278
MinimumVisualStudioVersion = 10.0.40219.1
Project("{FAE04EC0-301F-11D3-BF4B-00C04F79EFBC}") = "4g_Calculator", "4g_Calculator.csproj", "{5D143EE2-FA8A-41EC-9CD9-2D89D8DAC3AA}"
EndProject
Global
	GlobalSection(SolutionConfigurationPlatforms) = preSolution
		Debug|Any CPU = Debug|Any CPU
		Release|Any CPU = Release|Any CPU
	EndGlobalSection
	GlobalSection(ProjectConfigurationPlatforms) = postSolution
		{5D143EE2-FA8A-41EC-9CD9-2D89D8DAC3AA}.Debug|Any CPU.ActiveCfg = Debug|Any CPU
		{5D143EE2-FA8A-41EC-9CD9-2D89D8DAC3AA}.Debug|Any CPU.Build.0 = Debug|Any CPU
		{5D143EE2-FA8A-41EC-9CD9-2D89D8DAC3AA}.Release|Any CPU.ActiveCfg = Release|Any CPU
		{5D143EE2-FA8A-41EC-9CD9-2D89D8DAC3AA}.Release|Any CPU.Build.0 = Release|Any CPU
	EndGlobalSection
	GlobalSection(SolutionProperties) = preSolution
		HideSolutionNode = FALSE
	EndGlobalSection
	GlobalSection(ExtensibilityGlobals) = postSolution
		SolutionGuid = {4272B16C-0374-42E4-AEB6-29BE016986D6}
	EndGlobalSection
EndGlobal
